
Microsoft Visual Studio Solution File, Format Version 11.00
# Visual Studio 2010
Project("{FAE04EC0-301F-11D3-BF4B-00C04F79EFBC}") = "SocketTool", "SocketTool.csproj", "{08EC165B-D3BC-4239-A1B7-9845E44E4396}"
EndProject
Global
	GlobalSection(SolutionConfigurationPlatforms) = preSolution
		Debug|Any CPU = Debug|Any CPU
		Release|Any CPU = Release|Any CPU
	EndGlobalSection
	GlobalSection(ProjectConfigurationPlatforms) = postSolution
		{08EC165B-D3BC-4239-A1B7-9845E44E4396}.Debug|Any CPU.ActiveCfg = Debug|Any CPU
		{08EC165B-D3BC-4239-A1B7-9845E44E4396}.Debug|Any CPU.Build.0 = Debug|Any CPU
		{08EC165B-D3BC-4239-A1B7-9845E44E4396}.Release|Any CPU.ActiveCfg = Release|Any CPU
		{08EC165B-D3BC-4239-A1B7-9845E44E4396}.Release|Any CPU.Build.0 = Release|Any CPU
	EndGlobalSection
	GlobalSection(SolutionProperties) = preSolution
		HideSolutionNode = FALSE
	EndGlobalSection
EndGlobal
