
Microsoft Visual Studio Solution File, Format Version 12.00
# Visual Studio 2013
VisualStudioVersion = 12.0.40629.0
MinimumVisualStudioVersion = 10.0.40219.1
Project("{FAE04EC0-301F-11D3-BF4B-00C04F79EFBC}") = "样机库管理", "样机库管理\样机库管理.csproj", "{B1C8850D-13C5-4C2C-887F-24730ED3E41C}"
EndProject
Global
	GlobalSection(SolutionConfigurationPlatforms) = preSolution
		Debug|Any CPU = Debug|Any CPU
		Release|Any CPU = Release|Any CPU
	EndGlobalSection
	GlobalSection(ProjectConfigurationPlatforms) = postSolution
		{B1C8850D-13C5-4C2C-887F-24730ED3E41C}.Debug|Any CPU.ActiveCfg = Debug|Any CPU
		{B1C8850D-13C5-4C2C-887F-24730ED3E41C}.Debug|Any CPU.Build.0 = Debug|Any CPU
		{B1C8850D-13C5-4C2C-887F-24730ED3E41C}.Release|Any CPU.ActiveCfg = Release|Any CPU
		{B1C8850D-13C5-4C2C-887F-24730ED3E41C}.Release|Any CPU.Build.0 = Release|Any CPU
	EndGlobalSection
	GlobalSection(SolutionProperties) = preSolution
		HideSolutionNode = FALSE
	EndGlobalSection
EndGlobal
