
Microsoft Visual Studio Solution File, Format Version 12.00
# Visual Studio 2013
VisualStudioVersion = 12.0.40629.0
MinimumVisualStudioVersion = 10.0.40219.1
Project("{6141683F-8A12-4E36-9623-2EB02B2C2303}") = "龙格技术部库存查询系统", "龙格技术部库存查询系统\龙格技术部库存查询系统.isproj", "{99E3F8F0-DA54-4FED-B1D8-A3751DFEF79F}"
EndProject
Global
	GlobalSection(SolutionConfigurationPlatforms) = preSolution
		CD_ROM|Default = CD_ROM|Default
		DVD-5|Default = DVD-5|Default
		SingleImage|Default = SingleImage|Default
	EndGlobalSection
	GlobalSection(ProjectConfigurationPlatforms) = postSolution
		{99E3F8F0-DA54-4FED-B1D8-A3751DFEF79F}.CD_ROM|Default.ActiveCfg = CD_ROM
		{99E3F8F0-DA54-4FED-B1D8-A3751DFEF79F}.CD_ROM|Default.Build.0 = CD_ROM
		{99E3F8F0-DA54-4FED-B1D8-A3751DFEF79F}.DVD-5|Default.ActiveCfg = DVD-5
		{99E3F8F0-DA54-4FED-B1D8-A3751DFEF79F}.DVD-5|Default.Build.0 = DVD-5
		{99E3F8F0-DA54-4FED-B1D8-A3751DFEF79F}.SingleImage|Default.ActiveCfg = SingleImage
		{99E3F8F0-DA54-4FED-B1D8-A3751DFEF79F}.SingleImage|Default.Build.0 = SingleImage
	EndGlobalSection
	GlobalSection(SolutionProperties) = preSolution
		HideSolutionNode = FALSE
	EndGlobalSection
EndGlobal
